// !$*UTF8*$!
{
	archiveVersion = 1;
	classes = {
	};
	objectVersion = 56;
	objects = {

/* Begin PBXBuildFile section */
		C96267DE2A7C39FC00CA3F2B /* TextViews.swift in Sources */ = {isa = PBXBuildFile; fileRef = C96267DD2A7C39FB00CA3F2B /* TextViews.swift */; };
		C96267E22A7CF4B700CA3F2B /* Shape.swift in Sources */ = {isa = PBXBuildFile; fileRef = C96267E12A7CF4B700CA3F2B /* Shape.swift */; };
		C96267E62A7CF9B000CA3F2B /* RoundedViewStrokes.swift in Sources */ = {isa = PBXBuildFile; fileRef = C96267E52A7CF9B000CA3F2B /* RoundedViewStrokes.swift */; };
		C96267E82A7D030C00CA3F2B /* BackgroundView.swift in Sources */ = {isa = PBXBuildFile; fileRef = C96267E72A7D030C00CA3F2B /* BackgroundView.swift */; };
		C96267EA2A802B7B00CA3F2B /* PointsView.swift in Sources */ = {isa = PBXBuildFile; fileRef = C96267E92A802B7B00CA3F2B /* PointsView.swift */; };
		C9647EF72A7909CE003402F3 /* BulleyesApp.swift in Sources */ = {isa = PBXBuildFile; fileRef = C9647EF62A7909CE003402F3 /* BulleyesApp.swift */; };
		C9647EF92A7909CE003402F3 /* ContentView.swift in Sources */ = {isa = PBXBuildFile; fileRef = C9647EF82A7909CE003402F3 /* ContentView.swift */; };
		C9647EFB2A7909CF003402F3 /* Assets.xcassets in Resources */ = {isa = PBXBuildFile; fileRef = C9647EFA2A7909CF003402F3 /* Assets.xcassets */; };
		C9647EFE2A7909CF003402F3 /* Preview Assets.xcassets in Resources */ = {isa = PBXBuildFile; fileRef = C9647EFD2A7909CF003402F3 /* Preview Assets.xcassets */; };
		C9647F082A7A25A1003402F3 /* Game.swift in Sources */ = {isa = PBXBuildFile; fileRef = C9647F072A7A25A1003402F3 /* Game.swift */; };
		C9647F102A7A2F1F003402F3 /* BulleyesUITests.swift in Sources */ = {isa = PBXBuildFile; fileRef = C9647F0F2A7A2F1F003402F3 /* BulleyesUITests.swift */; };
		C9647F122A7A2F1F003402F3 /* BulleyesUITestsLaunchTests.swift in Sources */ = {isa = PBXBuildFile; fileRef = C9647F112A7A2F1F003402F3 /* BulleyesUITestsLaunchTests.swift */; };
/* End PBXBuildFile section */

/* Begin PBXContainerItemProxy section */
		C9647F132A7A2F1F003402F3 /* PBXContainerItemProxy */ = {
			isa = PBXContainerItemProxy;
			containerPortal = C9647EEB2A7909CD003402F3 /* Project object */;
			proxyType = 1;
			remoteGlobalIDString = C9647EF22A7909CD003402F3;
			remoteInfo = Bulleyes;
		};
/* End PBXContainerItemProxy section */

/* Begin PBXFileReference section */
		C96267DD2A7C39FB00CA3F2B /* TextViews.swift */ = {isa = PBXFileReference; lastKnownFileType = sourcecode.swift; path = TextViews.swift; sourceTree = "<group>"; };
		C96267E12A7CF4B700CA3F2B /* Shape.swift */ = {isa = PBXFileReference; lastKnownFileType = sourcecode.swift; path = Shape.swift; sourceTree = "<group>"; };
		C96267E52A7CF9B000CA3F2B /* RoundedViewStrokes.swift */ = {isa = PBXFileReference; lastKnownFileType = sourcecode.swift; path = RoundedViewStrokes.swift; sourceTree = "<group>"; };
		C96267E72A7D030C00CA3F2B /* BackgroundView.swift */ = {isa = PBXFileReference; lastKnownFileType = sourcecode.swift; path = BackgroundView.swift; sourceTree = "<group>"; };
		C96267E92A802B7B00CA3F2B /* PointsView.swift */ = {isa = PBXFileReference; lastKnownFileType = sourcecode.swift; path = PointsView.swift; sourceTree = "<group>"; };
		C9647EF32A7909CE003402F3 /* Bulleyes.app */ = {isa = PBXFileReference; explicitFileType = wrapper.application; includeInIndex = 0; path = Bulleyes.app; sourceTree = BUILT_PRODUCTS_DIR; };
		C9647EF62A7909CE003402F3 /* BulleyesApp.swift */ = {isa = PBXFileReference; lastKnownFileType = sourcecode.swift; path = BulleyesApp.swift; sourceTree = "<group>"; };
		C9647EF82A7909CE003402F3 /* ContentView.swift */ = {isa = PBXFileReference; lastKnownFileType = sourcecode.swift; path = ContentView.swift; sourceTree = "<group>"; };
		C9647EFA2A7909CF003402F3 /* Assets.xcassets */ = {isa = PBXFileReference; lastKnownFileType = folder.assetcatalog; path = Assets.xcassets; sourceTree = "<group>"; };
		C9647EFD2A7909CF003402F3 /* Preview Assets.xcassets */ = {isa = PBXFileReference; lastKnownFileType = folder.assetcatalog; path = "Preview Assets.xcassets"; sourceTree = "<group>"; };
		C9647F072A7A25A1003402F3 /* Game.swift */ = {isa = PBXFileReference; lastKnownFileType = sourcecode.swift; path = Game.swift; sourceTree = "<group>"; };
		C9647F0D2A7A2F1F003402F3 /* BulleyesUITests.xctest */ = {isa = PBXFileReference; explicitFileType = wrapper.cfbundle; includeInIndex = 0; path = BulleyesUITests.xctest; sourceTree = BUILT_PRODUCTS_DIR; };
		C9647F0F2A7A2F1F003402F3 /* BulleyesUITests.swift */ = {isa = PBXFileReference; lastKnownFileType = sourcecode.swift; path = BulleyesUITests.swift; sourceTree = "<group>"; };
		C9647F112A7A2F1F003402F3 /* BulleyesUITestsLaunchTests.swift */ = {isa = PBXFileReference; lastKnownFileType = sourcecode.swift; path = BulleyesUITestsLaunchTests.swift; sourceTree = "<group>"; };
/* End PBXFileReference section */

/* Begin PBXFrameworksBuildPhase section */
		C9647EF02A7909CD003402F3 /* Frameworks */ = {
			isa = PBXFrameworksBuildPhase;
			buildActionMask = 2147483647;
			files = (
			);
			runOnlyForDeploymentPostprocessing = 0;
		};
		C9647F0A2A7A2F1F003402F3 /* Frameworks */ = {
			isa = PBXFrameworksBuildPhase;
			buildActionMask = 2147483647;
			files = (
			);
			runOnlyForDeploymentPostprocessing = 0;
		};
/* End PBXFrameworksBuildPhase section */

/* Begin PBXGroup section */
		C9647EEA2A7909CD003402F3 = {
			isa = PBXGroup;
			children = (
				C9647EF52A7909CE003402F3 /* Bulleyes */,
				C9647F0E2A7A2F1F003402F3 /* BulleyesUITests */,
				C9647EF42A7909CE003402F3 /* Products */,
			);
			sourceTree = "<group>";
		};
		C9647EF42A7909CE003402F3 /* Products */ = {
			isa = PBXGroup;
			children = (
				C9647EF32A7909CE003402F3 /* Bulleyes.app */,
				C9647F0D2A7A2F1F003402F3 /* BulleyesUITests.xctest */,
			);
			name = Products;
			sourceTree = "<group>";
		};
		C9647EF52A7909CE003402F3 /* Bulleyes */ = {
			isa = PBXGroup;
			children = (
				C9647F062A7A2454003402F3 /* App */,
				C9647F052A7A242D003402F3 /* Views */,
				C9647F042A7A23FF003402F3 /* Models */,
				C9647EFC2A7909CF003402F3 /* Preview Content */,
			);
			path = Bulleyes;
			sourceTree = "<group>";
		};
		C9647EFC2A7909CF003402F3 /* Preview Content */ = {
			isa = PBXGroup;
			children = (
				C9647EFD2A7909CF003402F3 /* Preview Assets.xcassets */,
			);
			path = "Preview Content";
			sourceTree = "<group>";
		};
		C9647F042A7A23FF003402F3 /* Models */ = {
			isa = PBXGroup;
			children = (
				C9647F072A7A25A1003402F3 /* Game.swift */,
			);
			path = Models;
			sourceTree = "<group>";
		};
		C9647F052A7A242D003402F3 /* Views */ = {
			isa = PBXGroup;
			children = (
				C9647EF82A7909CE003402F3 /* ContentView.swift */,
				C96267DD2A7C39FB00CA3F2B /* TextViews.swift */,
				C96267E12A7CF4B700CA3F2B /* Shape.swift */,
				C96267E52A7CF9B000CA3F2B /* RoundedViewStrokes.swift */,
				C96267E72A7D030C00CA3F2B /* BackgroundView.swift */,
				C96267E92A802B7B00CA3F2B /* PointsView.swift */,
			);
			path = Views;
			sourceTree = "<group>";
		};
		C9647F062A7A2454003402F3 /* App */ = {
			isa = PBXGroup;
			children = (
				C9647EF62A7909CE003402F3 /* BulleyesApp.swift */,
				C9647EFA2A7909CF003402F3 /* Assets.xcassets */,
			);
			path = App;
			sourceTree = "<group>";
		};
		C9647F0E2A7A2F1F003402F3 /* BulleyesUITests */ = {
			isa = PBXGroup;
			children = (
				C9647F0F2A7A2F1F003402F3 /* BulleyesUITests.swift */,
				C9647F112A7A2F1F003402F3 /* BulleyesUITestsLaunchTests.swift */,
			);
			path = BulleyesUITests;
			sourceTree = "<group>";
		};
/* End PBXGroup section */

/* Begin PBXNativeTarget section */
		C9647EF22A7909CD003402F3 /* Bulleyes */ = {
			isa = PBXNativeTarget;
			buildConfigurationList = C9647F012A7909CF003402F3 /* Build configuration list for PBXNativeTarget "Bulleyes" */;
			buildPhases = (
				C9647EEF2A7909CD003402F3 /* Sources */,
				C9647EF02A7909CD003402F3 /* Frameworks */,
				C9647EF12A7909CD003402F3 /* Resources */,
			);
			buildRules = (
			);
			dependencies = (
			);
			name = Bulleyes;
			productName = Bulleyes;
			productReference = C9647EF32A7909CE003402F3 /* Bulleyes.app */;
			productType = "com.apple.product-type.application";
		};
		C9647F0C2A7A2F1F003402F3 /* BulleyesUITests */ = {
			isa = PBXNativeTarget;
			buildConfigurationList = C9647F152A7A2F1F003402F3 /* Build configuration list for PBXNativeTarget "BulleyesUITests" */;
			buildPhases = (
				C9647F092A7A2F1F003402F3 /* Sources */,
				C9647F0A2A7A2F1F003402F3 /* Frameworks */,
				C9647F0B2A7A2F1F003402F3 /* Resources */,
			);
			buildRules = (
			);
			dependencies = (
				C9647F142A7A2F1F003402F3 /* PBXTargetDependency */,
			);
			name = BulleyesUITests;
			productName = BulleyesUITests;
			productReference = C9647F0D2A7A2F1F003402F3 /* BulleyesUITests.xctest */;
			productType = "com.apple.product-type.bundle.ui-testing";
		};
/* End PBXNativeTarget section */

/* Begin PBXProject section */
		C9647EEB2A7909CD003402F3 /* Project object */ = {
			isa = PBXProject;
			attributes = {
				BuildIndependentTargetsInParallel = 1;
				LastSwiftUpdateCheck = 1430;
				LastUpgradeCheck = 1430;
				TargetAttributes = {
					C9647EF22A7909CD003402F3 = {
						CreatedOnToolsVersion = 14.3.1;
					};
					C9647F0C2A7A2F1F003402F3 = {
						CreatedOnToolsVersion = 14.3.1;
						TestTargetID = C9647EF22A7909CD003402F3;
					};
				};
			};
			buildConfigurationList = C9647EEE2A7909CD003402F3 /* Build configuration list for PBXProject "Bulleyes" */;
			compatibilityVersion = "Xcode 14.0";
			developmentRegion = en;
			hasScannedForEncodings = 0;
			knownRegions = (
				en,
				Base,
			);
			mainGroup = C9647EEA2A7909CD003402F3;
			productRefGroup = C9647EF42A7909CE003402F3 /* Products */;
			projectDirPath = "";
			projectRoot = "";
			targets = (
				C9647EF22A7909CD003402F3 /* Bulleyes */,
				C9647F0C2A7A2F1F003402F3 /* BulleyesUITests */,
			);
		};
/* End PBXProject section */

/* Begin PBXResourcesBuildPhase section */
		C9647EF12A7909CD003402F3 /* Resources */ = {
			isa = PBXResourcesBuildPhase;
			buildActionMask = 2147483647;
			files = (
				C9647EFE2A7909CF003402F3 /* Preview Assets.xcassets in Resources */,
				C9647EFB2A7909CF003402F3 /* Assets.xcassets in Resources */,
			);
			runOnlyForDeploymentPostprocessing = 0;
		};
		C9647F0B2A7A2F1F003402F3 /* Resources */ = {
			isa = PBXResourcesBuildPhase;
			buildActionMask = 2147483647;
			files = (
			);
			runOnlyForDeploymentPostprocessing = 0;
		};
/* End PBXResourcesBuildPhase section */

/* Begin PBXSourcesBuildPhase section */
		C9647EEF2A7909CD003402F3 /* Sources */ = {
			isa = PBXSourcesBuildPhase;
			buildActionMask = 2147483647;
			files = (
				C96267E22A7CF4B700CA3F2B /* Shape.swift in Sources */,
				C9647EF92A7909CE003402F3 /* ContentView.swift in Sources */,
				C96267E62A7CF9B000CA3F2B /* RoundedViewStrokes.swift in Sources */,
				C96267EA2A802B7B00CA3F2B /* PointsView.swift in Sources */,
				C96267E82A7D030C00CA3F2B /* BackgroundView.swift in Sources */,
				C96267DE2A7C39FC00CA3F2B /* TextViews.swift in Sources */,
				C9647F082A7A25A1003402F3 /* Game.swift in Sources */,
				C9647EF72A7909CE003402F3 /* BulleyesApp.swift in Sources */,
			);
			runOnlyForDeploymentPostprocessing = 0;
		};
		C9647F092A7A2F1F003402F3 /* Sources */ = {
			isa = PBXSourcesBuildPhase;
			buildActionMask = 2147483647;
			files = (
				C9647F122A7A2F1F003402F3 /* BulleyesUITestsLaunchTests.swift in Sources */,
				C9647F102A7A2F1F003402F3 /* BulleyesUITests.swift in Sources */,
			);
			runOnlyForDeploymentPostprocessing = 0;
		};
/* End PBXSourcesBuildPhase section */

/* Begin PBXTargetDependency section */
		C9647F142A7A2F1F003402F3 /* PBXTargetDependency */ = {
			isa = PBXTargetDependency;
			target = C9647EF22A7909CD003402F3 /* Bulleyes */;
			targetProxy = C9647F132A7A2F1F003402F3 /* PBXContainerItemProxy */;
		};
/* End PBXTargetDependency section */

/* Begin XCBuildConfiguration section */
		C9647EFF2A7909CF003402F3 /* Debug */ = {
			isa = XCBuildConfiguration;
			buildSettings = {
				ALWAYS_SEARCH_USER_PATHS = NO;
				CLANG_ANALYZER_NONNULL = YES;
				CLANG_ANALYZER_NUMBER_OBJECT_CONVERSION = YES_AGGRESSIVE;
				CLANG_CXX_LANGUAGE_STANDARD = "gnu++20";
				CLANG_ENABLE_MODULES = YES;
				CLANG_ENABLE_OBJC_ARC = YES;
				CLANG_ENABLE_OBJC_WEAK = YES;
				CLANG_WARN_BLOCK_CAPTURE_AUTORELEASING = YES;
				CLANG_WARN_BOOL_CONVERSION = YES;
				CLANG_WARN_COMMA = YES;
				CLANG_WARN_CONSTANT_CONVERSION = YES;
				CLANG_WARN_DEPRECATED_OBJC_IMPLEMENTATIONS = YES;
				CLANG_WARN_DIRECT_OBJC_ISA_USAGE = YES_ERROR;
				CLANG_WARN_DOCUMENTATION_COMMENTS = YES;
				CLANG_WARN_EMPTY_BODY = YES;
				CLANG_WARN_ENUM_CONVERSION = YES;
				CLANG_WARN_INFINITE_RECURSION = YES;
				CLANG_WARN_INT_CONVERSION = YES;
				CLANG_WARN_NON_LITERAL_NULL_CONVERSION = YES;
				CLANG_WARN_OBJC_IMPLICIT_RETAIN_SELF = YES;
				CLANG_WARN_OBJC_LITERAL_CONVERSION = YES;
				CLANG_WARN_OBJC_ROOT_CLASS = YES_ERROR;
				CLANG_WARN_QUOTED_INCLUDE_IN_FRAMEWORK_HEADER = YES;
				CLANG_WARN_RANGE_LOOP_ANALYSIS = YES;
				CLANG_WARN_STRICT_PROTOTYPES = YES;
				CLANG_WARN_SUSPICIOUS_MOVE = YES;
				CLANG_WARN_UNGUARDED_AVAILABILITY = YES_AGGRESSIVE;
				CLANG_WARN_UNREACHABLE_CODE = YES;
				CLANG_WARN__DUPLICATE_METHOD_MATCH = YES;
				COPY_PHASE_STRIP = NO;
				DEBUG_INFORMATION_FORMAT = dwarf;
				ENABLE_STRICT_OBJC_MSGSEND = YES;
				ENABLE_TESTABILITY = YES;
				GCC_C_LANGUAGE_STANDARD = gnu11;
				GCC_DYNAMIC_NO_PIC = NO;
				GCC_NO_COMMON_BLOCKS = YES;
				GCC_OPTIMIZATION_LEVEL = 0;
				GCC_PREPROCESSOR_DEFINITIONS = (
					"DEBUG=1",
					"$(inherited)",
				);
				GCC_WARN_64_TO_32_BIT_CONVERSION = YES;
				GCC_WARN_ABOUT_RETURN_TYPE = YES_ERROR;
				GCC_WARN_UNDECLARED_SELECTOR = YES;
				GCC_WARN_UNINITIALIZED_AUTOS = YES_AGGRESSIVE;
				GCC_WARN_UNUSED_FUNCTION = YES;
				GCC_WARN_UNUSED_VARIABLE = YES;
				IPHONEOS_DEPLOYMENT_TARGET = 16.4;
				MTL_ENABLE_DEBUG_INFO = INCLUDE_SOURCE;
				MTL_FAST_MATH = YES;
				ONLY_ACTIVE_ARCH = YES;
				SDKROOT = iphoneos;
				SWIFT_ACTIVE_COMPILATION_CONDITIONS = DEBUG;
				SWIFT_OPTIMIZATION_LEVEL = "-Onone";
			};
			name = Debug;
		};
		C9647F002A7909CF003402F3 /* Release */ = {
			isa = XCBuildConfiguration;
			buildSettings = {
				ALWAYS_SEARCH_USER_PATHS = NO;
				CLANG_ANALYZER_NONNULL = YES;
				CLANG_ANALYZER_NUMBER_OBJECT_CONVERSION = YES_AGGRESSIVE;
				CLANG_CXX_LANGUAGE_STANDARD = "gnu++20";
				CLANG_ENABLE_MODULES = YES;
				CLANG_ENABLE_OBJC_ARC = YES;
				CLANG_ENABLE_OBJC_WEAK = YES;
				CLANG_WARN_BLOCK_CAPTURE_AUTORELEASING = YES;
				CLANG_WARN_BOOL_CONVERSION = YES;
				CLANG_WARN_COMMA = YES;
				CLANG_WARN_CONSTANT_CONVERSION = YES;
				CLANG_WARN_DEPRECATED_OBJC_IMPLEMENTATIONS = YES;
				CLANG_WARN_DIRECT_OBJC_ISA_USAGE = YES_ERROR;
				CLANG_WARN_DOCUMENTATION_COMMENTS = YES;
				CLANG_WARN_EMPTY_BODY = YES;
				CLANG_WARN_ENUM_CONVERSION = YES;
				CLANG_WARN_INFINITE_RECURSION = YES;
				CLANG_WARN_INT_CONVERSION = YES;
				CLANG_WARN_NON_LITERAL_NULL_CONVERSION = YES;
				CLANG_WARN_OBJC_IMPLICIT_RETAIN_SELF = YES;
				CLANG_WARN_OBJC_LITERAL_CONVERSION = YES;
				CLANG_WARN_OBJC_ROOT_CLASS = YES_ERROR;
				CLANG_WARN_QUOTED_INCLUDE_IN_FRAMEWORK_HEADER = YES;
				CLANG_WARN_RANGE_LOOP_ANALYSIS = YES;
				CLANG_WARN_STRICT_PROTOTYPES = YES;
				CLANG_WARN_SUSPICIOUS_MOVE = YES;
				CLANG_WARN_UNGUARDED_AVAILABILITY = YES_AGGRESSIVE;
				CLANG_WARN_UNREACHABLE_CODE = YES;
				CLANG_WARN__DUPLICATE_METHOD_MATCH = YES;
				COPY_PHASE_STRIP = NO;
				DEBUG_INFORMATION_FORMAT = "dwarf-with-dsym";
				ENABLE_NS_ASSERTIONS = NO;
				ENABLE_STRICT_OBJC_MSGSEND = YES;
				GCC_C_LANGUAGE_STANDARD = gnu11;
				GCC_NO_COMMON_BLOCKS = YES;
				GCC_WARN_64_TO_32_BIT_CONVERSION = YES;
				GCC_WARN_ABOUT_RETURN_TYPE = YES_ERROR;
				GCC_WARN_UNDECLARED_SELECTOR = YES;
				GCC_WARN_UNINITIALIZED_AUTOS = YES_AGGRESSIVE;
				GCC_WARN_UNUSED_FUNCTION = YES;
				GCC_WARN_UNUSED_VARIABLE = YES;
				IPHONEOS_DEPLOYMENT_TARGET = 16.4;
				MTL_ENABLE_DEBUG_INFO = NO;
				MTL_FAST_MATH = YES;
				SDKROOT = iphoneos;
				SWIFT_COMPILATION_MODE = wholemodule;
				SWIFT_OPTIMIZATION_LEVEL = "-O";
				VALIDATE_PRODUCT = YES;
			};
			name = Release;
		};
		C9647F022A7909CF003402F3 /* Debug */ = {
			isa = XCBuildConfiguration;
			buildSettings = {
				ASSETCATALOG_COMPILER_APPICON_NAME = AppIcon;
				ASSETCATALOG_COMPILER_GLOBAL_ACCENT_COLOR_NAME = AccentColor;
				CODE_SIGN_STYLE = Automatic;
				CURRENT_PROJECT_VERSION = 1;
				DEVELOPMENT_ASSET_PATHS = "\"Bulleyes/Preview Content\"";
				ENABLE_PREVIEWS = YES;
				GENERATE_INFOPLIST_FILE = YES;
				INFOPLIST_KEY_UIApplicationSceneManifest_Generation = YES;
				INFOPLIST_KEY_UIApplicationSupportsIndirectInputEvents = YES;
				INFOPLIST_KEY_UILaunchScreen_Generation = YES;
				INFOPLIST_KEY_UISupportedInterfaceOrientations_iPad = "UIInterfaceOrientationPortrait UIInterfaceOrientationPortraitUpsideDown UIInterfaceOrientationLandscapeLeft UIInterfaceOrientationLandscapeRight";
				INFOPLIST_KEY_UISupportedInterfaceOrientations_iPhone = "UIInterfaceOrientationPortrait UIInterfaceOrientationLandscapeLeft UIInterfaceOrientationLandscapeRight";
				LD_RUNPATH_SEARCH_PATHS = (
					"$(inherited)",
					"@executable_path/Frameworks",
				);
				MARKETING_VERSION = 1.0;
				PRODUCT_BUNDLE_IDENTIFIER = com.practice.ab.Bulleyes;
				PRODUCT_NAME = "$(TARGET_NAME)";
				SWIFT_EMIT_LOC_STRINGS = YES;
				SWIFT_VERSION = 5.0;
				TARGETED_DEVICE_FAMILY = "1,2";
			};
			name = Debug;
		};
		C9647F032A7909CF003402F3 /* Release */ = {
			isa = XCBuildConfiguration;
			buildSettings = {
				ASSETCATALOG_COMPILER_APPICON_NAME = AppIcon;
				ASSETCATALOG_COMPILER_GLOBAL_ACCENT_COLOR_NAME = AccentColor;
				CODE_SIGN_STYLE = Automatic;
				CURRENT_PROJECT_VERSION = 1;
				DEVELOPMENT_ASSET_PATHS = "\"Bulleyes/Preview Content\"";
				ENABLE_PREVIEWS = YES;
				GENERATE_INFOPLIST_FILE = YES;
				INFOPLIST_KEY_UIApplicationSceneManifest_Generation = YES;
				INFOPLIST_KEY_UIApplicationSupportsIndirectInputEvents = YES;
				INFOPLIST_KEY_UILaunchScreen_Generation = YES;
				INFOPLIST_KEY_UISupportedInterfaceOrientations_iPad = "UIInterfaceOrientationPortrait UIInterfaceOrientationPortraitUpsideDown UIInterfaceOrientationLandscapeLeft UIInterfaceOrientationLandscapeRight";
				INFOPLIST_KEY_UISupportedInterfaceOrientations_iPhone = "UIInterfaceOrientationPortrait UIInterfaceOrientationLandscapeLeft UIInterfaceOrientationLandscapeRight";
				LD_RUNPATH_SEARCH_PATHS = (
					"$(inherited)",
					"@executable_path/Frameworks",
				);
				MARKETING_VERSION = 1.0;
				PRODUCT_BUNDLE_IDENTIFIER = com.practice.ab.Bulleyes;
				PRODUCT_NAME = "$(TARGET_NAME)";
				SWIFT_EMIT_LOC_STRINGS = YES;
				SWIFT_VERSION = 5.0;
				TARGETED_DEVICE_FAMILY = "1,2";
			};
			name = Release;
		};
		C9647F162A7A2F1F003402F3 /* Debug */ = {
			isa = XCBuildConfiguration;
			buildSettings = {
				CODE_SIGN_STYLE = Automatic;
				CURRENT_PROJECT_VERSION = 1;
				GENERATE_INFOPLIST_FILE = YES;
				MARKETING_VERSION = 1.0;
				PRODUCT_BUNDLE_IDENTIFIER = com.practice.ab.BulleyesUITests;
				PRODUCT_NAME = "$(TARGET_NAME)";
				SWIFT_EMIT_LOC_STRINGS = NO;
				SWIFT_VERSION = 5.0;
				TARGETED_DEVICE_FAMILY = "1,2";
				TEST_TARGET_NAME = Bulleyes;
			};
			name = Debug;
		};
		C9647F172A7A2F1F003402F3 /* Release */ = {
			isa = XCBuildConfiguration;
			buildSettings = {
				CODE_SIGN_STYLE = Automatic;
				CURRENT_PROJECT_VERSION = 1;
				GENERATE_INFOPLIST_FILE = YES;
				MARKETING_VERSION = 1.0;
				PRODUCT_BUNDLE_IDENTIFIER = com.practice.ab.BulleyesUITests;
				PRODUCT_NAME = "$(TARGET_NAME)";
				SWIFT_EMIT_LOC_STRINGS = NO;
				SWIFT_VERSION = 5.0;
				TARGETED_DEVICE_FAMILY = "1,2";
				TEST_TARGET_NAME = Bulleyes;
			};
			name = Release;
		};
/* End XCBuildConfiguration section */

/* Begin XCConfigurationList section */
		C9647EEE2A7909CD003402F3 /* Build configuration list for PBXProject "Bulleyes" */ = {
			isa = XCConfigurationList;
			buildConfigurations = (
				C9647EFF2A7909CF003402F3 /* Debug */,
				C9647F002A7909CF003402F3 /* Release */,
			);
			defaultConfigurationIsVisible = 0;
			defaultConfigurationName = Release;
		};
		C9647F012A7909CF003402F3 /* Build configuration list for PBXNativeTarget "Bulleyes" */ = {
			isa = XCConfigurationList;
			buildConfigurations = (
				C9647F022A7909CF003402F3 /* Debug */,
				C9647F032A7909CF003402F3 /* Release */,
			);
			defaultConfigurationIsVisible = 0;
			defaultConfigurationName = Release;
		};
		C9647F152A7A2F1F003402F3 /* Build configuration list for PBXNativeTarget "BulleyesUITests" */ = {
			isa = XCConfigurationList;
			buildConfigurations = (
				C9647F162A7A2F1F003402F3 /* Debug */,
				C9647F172A7A2F1F003402F3 /* Release */,
			);
			defaultConfigurationIsVisible = 0;
			defaultConfigurationName = Release;
		};
/* End XCConfigurationList section */
	};
	rootObject = C9647EEB2A7909CD003402F3 /* Project object */;
}
